
Microsoft Visual Studio Solution File, Format Version 12.00
# Visual Studio Version 16
VisualStudioVersion = 16.0.29411.108
MinimumVisualStudioVersion = 10.0.40219.1
Project("{FAE04EC0-301F-11D3-BF4B-00C04F79EFBC}") = "CodeFirstYaklasimi", "CodeFirstYaklasimi\CodeFirstYaklasimi.csproj", "{3B3B703C-21A6-4C54-89A2-BED4846B01E1}"
EndProject
Project("{FAE04EC0-301F-11D3-BF4B-00C04F79EFBC}") = "CodeFirstYaklasimi.Tests", "CodeFirstYaklasimi.Tests\CodeFirstYaklasimi.Tests.csproj", "{3A80BE8F-A0D0-4F37-AD42-515C564AE3B3}"
EndProject
Global
	GlobalSection(SolutionConfigurationPlatforms) = preSolution
		Debug|Any CPU = Debug|Any CPU
		Release|Any CPU = Release|Any CPU
	EndGlobalSection
	GlobalSection(ProjectConfigurationPlatforms) = postSolution
		{3B3B703C-21A6-4C54-89A2-BED4846B01E1}.Debug|Any CPU.ActiveCfg = Debug|Any CPU
		{3B3B703C-21A6-4C54-89A2-BED4846B01E1}.Debug|Any CPU.Build.0 = Debug|Any CPU
		{3B3B703C-21A6-4C54-89A2-BED4846B01E1}.Release|Any CPU.ActiveCfg = Release|Any CPU
		{3B3B703C-21A6-4C54-89A2-BED4846B01E1}.Release|Any CPU.Build.0 = Release|Any CPU
		{3A80BE8F-A0D0-4F37-AD42-515C564AE3B3}.Debug|Any CPU.ActiveCfg = Debug|Any CPU
		{3A80BE8F-A0D0-4F37-AD42-515C564AE3B3}.Debug|Any CPU.Build.0 = Debug|Any CPU
		{3A80BE8F-A0D0-4F37-AD42-515C564AE3B3}.Release|Any CPU.ActiveCfg = Release|Any CPU
		{3A80BE8F-A0D0-4F37-AD42-515C564AE3B3}.Release|Any CPU.Build.0 = Release|Any CPU
	EndGlobalSection
	GlobalSection(SolutionProperties) = preSolution
		HideSolutionNode = FALSE
	EndGlobalSection
	GlobalSection(ExtensibilityGlobals) = postSolution
		SolutionGuid = {1DE7CBD2-3E7D-4540-A983-69877075BC40}
	EndGlobalSection
EndGlobal
